// !$*UTF8*$!
{
	archiveVersion = 1;
	classes = {
	};
	objectVersion = 46;
	objects = {

/* Begin PBXBuildFile section */
		9FE800AA1B0CEED400EF939F /* main.m in Sources */ = {isa = PBXBuildFile; fileRef = 9FE800A91B0CEED400EF939F /* main.m */; };
		9FE800AD1B0CEED400EF939F /* AppDelegate.m in Sources */ = {isa = PBXBuildFile; fileRef = 9FE800AC1B0CEED400EF939F /* AppDelegate.m */; };
		9FE800B01B0CEED400EF939F /* ViewController.m in Sources */ = {isa = PBXBuildFile; fileRef = 9FE800AF1B0CEED400EF939F /* ViewController.m */; };
		9FE800B31B0CEED400EF939F /* Main.storyboard in Resources */ = {isa = PBXBuildFile; fileRef = 9FE800B11B0CEED400EF939F /* Main.storyboard */; };
		9FE800B51B0CEED400EF939F /* Images.xcassets in Resources */ = {isa = PBXBuildFile; fileRef = 9FE800B41B0CEED400EF939F /* Images.xcassets */; };
		9FE800B81B0CEED400EF939F /* LaunchScreen.xib in Resources */ = {isa = PBXBuildFile; fileRef = 9FE800B61B0CEED400EF939F /* LaunchScreen.xib */; };
		9FE800C41B0CEED500EF939F /* LoadPhotosGalleryTests.m in Sources */ = {isa = PBXBuildFile; fileRef = 9FE800C31B0CEED500EF939F /* LoadPhotosGalleryTests.m */; };
/* End PBXBuildFile section */

/* Begin PBXContainerItemProxy section */
		9FE800BE1B0CEED500EF939F /* PBXContainerItemProxy */ = {
			isa = PBXContainerItemProxy;
			containerPortal = 9FE8009C1B0CEED400EF939F /* Project object */;
			proxyType = 1;
			remoteGlobalIDString = 9FE800A31B0CEED400EF939F;
			remoteInfo = LoadPhotosGallery;
		};
/* End PBXContainerItemProxy section */

/* Begin PBXFileReference section */
		9FE800A41B0CEED400EF939F /* LoadPhotosGallery.app */ = {isa = PBXFileReference; explicitFileType = wrapper.application; includeInIndex = 0; path = LoadPhotosGallery.app; sourceTree = BUILT_PRODUCTS_DIR; };
		9FE800A81B0CEED400EF939F /* Info.plist */ = {isa = PBXFileReference; lastKnownFileType = text.plist.xml; path = Info.plist; sourceTree = "<group>"; };
		9FE800A91B0CEED400EF939F /* main.m */ = {isa = PBXFileReference; lastKnownFileType = sourcecode.c.objc; path = main.m; sourceTree = "<group>"; };
		9FE800AB1B0CEED400EF939F /* AppDelegate.h */ = {isa = PBXFileReference; lastKnownFileType = sourcecode.c.h; path = AppDelegate.h; sourceTree = "<group>"; };
		9FE800AC1B0CEED400EF939F /* AppDelegate.m */ = {isa = PBXFileReference; lastKnownFileType = sourcecode.c.objc; path = AppDelegate.m; sourceTree = "<group>"; };
		9FE800AE1B0CEED400EF939F /* ViewController.h */ = {isa = PBXFileReference; lastKnownFileType = sourcecode.c.h; path = ViewController.h; sourceTree = "<group>"; };
		9FE800AF1B0CEED400EF939F /* ViewController.m */ = {isa = PBXFileReference; lastKnownFileType = sourcecode.c.objc; path = ViewController.m; sourceTree = "<group>"; };
		9FE800B21B0CEED400EF939F /* Base */ = {isa = PBXFileReference; lastKnownFileType = file.storyboard; name = Base; path = Base.lproj/Main.storyboard; sourceTree = "<group>"; };
		9FE800B41B0CEED400EF939F /* Images.xcassets */ = {isa = PBXFileReference; lastKnownFileType = folder.assetcatalog; path = Images.xcassets; sourceTree = "<group>"; };
		9FE800B71B0CEED400EF939F /* Base */ = {isa = PBXFileReference; lastKnownFileType = file.xib; name = Base; path = Base.lproj/LaunchScreen.xib; sourceTree = "<group>"; };
		9FE800BD1B0CEED500EF939F /* LoadPhotosGalleryTests.xctest */ = {isa = PBXFileReference; explicitFileType = wrapper.cfbundle; includeInIndex = 0; path = LoadPhotosGalleryTests.xctest; sourceTree = BUILT_PRODUCTS_DIR; };
		9FE800C21B0CEED500EF939F /* Info.plist */ = {isa = PBXFileReference; lastKnownFileType = text.plist.xml; path = Info.plist; sourceTree = "<group>"; };
		9FE800C31B0CEED500EF939F /* LoadPhotosGalleryTests.m */ = {isa = PBXFileReference; lastKnownFileType = sourcecode.c.objc; path = LoadPhotosGalleryTests.m; sourceTree = "<group>"; };
/* End PBXFileReference section */

/* Begin PBXFrameworksBuildPhase section */
		9FE800A11B0CEED400EF939F /* Frameworks */ = {
			isa = PBXFrameworksBuildPhase;
			buildActionMask = 2147483647;
			files = (
			);
			runOnlyForDeploymentPostprocessing = 0;
		};
		9FE800BA1B0CEED500EF939F /* Frameworks */ = {
			isa = PBXFrameworksBuildPhase;
			buildActionMask = 2147483647;
			files = (
			);
			runOnlyForDeploymentPostprocessing = 0;
		};
/* End PBXFrameworksBuildPhase section */

/* Begin PBXGroup section */
		9FE8009B1B0CEED400EF939F = {
			isa = PBXGroup;
			children = (
				9FE800A61B0CEED400EF939F /* LoadPhotosGallery */,
				9FE800C01B0CEED500EF939F /* LoadPhotosGalleryTests */,
				9FE800A51B0CEED400EF939F /* Products */,
			);
			sourceTree = "<group>";
		};
		9FE800A51B0CEED400EF939F /* Products */ = {
			isa = PBXGroup;
			children = (
				9FE800A41B0CEED400EF939F /* LoadPhotosGallery.app */,
				9FE800BD1B0CEED500EF939F /* LoadPhotosGalleryTests.xctest */,
			);
			name = Products;
			sourceTree = "<group>";
		};
		9FE800A61B0CEED400EF939F /* LoadPhotosGallery */ = {
			isa = PBXGroup;
			children = (
				9FE800AB1B0CEED400EF939F /* AppDelegate.h */,
				9FE800AC1B0CEED400EF939F /* AppDelegate.m */,
				9FE800AE1B0CEED400EF939F /* ViewController.h */,
				9FE800AF1B0CEED400EF939F /* ViewController.m */,
				9FE800B11B0CEED400EF939F /* Main.storyboard */,
				9FE800B41B0CEED400EF939F /* Images.xcassets */,
				9FE800B61B0CEED400EF939F /* LaunchScreen.xib */,
				9FE800A71B0CEED400EF939F /* Supporting Files */,
			);
			path = LoadPhotosGallery;
			sourceTree = "<group>";
		};
		9FE800A71B0CEED400EF939F /* Supporting Files */ = {
			isa = PBXGroup;
			children = (
				9FE800A81B0CEED400EF939F /* Info.plist */,
				9FE800A91B0CEED400EF939F /* main.m */,
			);
			name = "Supporting Files";
			sourceTree = "<group>";
		};
		9FE800C01B0CEED500EF939F /* LoadPhotosGalleryTests */ = {
			isa = PBXGroup;
			children = (
				9FE800C31B0CEED500EF939F /* LoadPhotosGalleryTests.m */,
				9FE800C11B0CEED500EF939F /* Supporting Files */,
			);
			path = LoadPhotosGalleryTests;
			sourceTree = "<group>";
		};
		9FE800C11B0CEED500EF939F /* Supporting Files */ = {
			isa = PBXGroup;
			children = (
				9FE800C21B0CEED500EF939F /* Info.plist */,
			);
			name = "Supporting Files";
			sourceTree = "<group>";
		};
/* End PBXGroup section */

/* Begin PBXNativeTarget section */
		9FE800A31B0CEED400EF939F /* LoadPhotosGallery */ = {
			isa = PBXNativeTarget;
			buildConfigurationList = 9FE800C71B0CEED500EF939F /* Build configuration list for PBXNativeTarget "LoadPhotosGallery" */;
			buildPhases = (
				9FE800A01B0CEED400EF939F /* Sources */,
				9FE800A11B0CEED400EF939F /* Frameworks */,
				9FE800A21B0CEED400EF939F /* Resources */,
			);
			buildRules = (
			);
			dependencies = (
			);
			name = LoadPhotosGallery;
			productName = LoadPhotosGallery;
			productReference = 9FE800A41B0CEED400EF939F /* LoadPhotosGallery.app */;
			productType = "com.apple.product-type.application";
		};
		9FE800BC1B0CEED500EF939F /* LoadPhotosGalleryTests */ = {
			isa = PBXNativeTarget;
			buildConfigurationList = 9FE800CA1B0CEED500EF939F /* Build configuration list for PBXNativeTarget "LoadPhotosGalleryTests" */;
			buildPhases = (
				9FE800B91B0CEED500EF939F /* Sources */,
				9FE800BA1B0CEED500EF939F /* Frameworks */,
				9FE800BB1B0CEED500EF939F /* Resources */,
			);
			buildRules = (
			);
			dependencies = (
				9FE800BF1B0CEED500EF939F /* PBXTargetDependency */,
			);
			name = LoadPhotosGalleryTests;
			productName = LoadPhotosGalleryTests;
			productReference = 9FE800BD1B0CEED500EF939F /* LoadPhotosGalleryTests.xctest */;
			productType = "com.apple.product-type.bundle.unit-test";
		};
/* End PBXNativeTarget section */

/* Begin PBXProject section */
		9FE8009C1B0CEED400EF939F /* Project object */ = {
			isa = PBXProject;
			attributes = {
				LastUpgradeCheck = 0630;
				ORGANIZATIONNAME = "Rodrigo Bruno de Carvalho Cavalcanti";
				TargetAttributes = {
					9FE800A31B0CEED400EF939F = {
						CreatedOnToolsVersion = 6.3.1;
					};
					9FE800BC1B0CEED500EF939F = {
						CreatedOnToolsVersion = 6.3.1;
						TestTargetID = 9FE800A31B0CEED400EF939F;
					};
				};
			};
			buildConfigurationList = 9FE8009F1B0CEED400EF939F /* Build configuration list for PBXProject "LoadPhotosGallery" */;
			compatibilityVersion = "Xcode 3.2";
			developmentRegion = English;
			hasScannedForEncodings = 0;
			knownRegions = (
				en,
				Base,
			);
			mainGroup = 9FE8009B1B0CEED400EF939F;
			productRefGroup = 9FE800A51B0CEED400EF939F /* Products */;
			projectDirPath = "";
			projectRoot = "";
			targets = (
				9FE800A31B0CEED400EF939F /* LoadPhotosGallery */,
				9FE800BC1B0CEED500EF939F /* LoadPhotosGalleryTests */,
			);
		};
/* End PBXProject section */

/* Begin PBXResourcesBuildPhase section */
		9FE800A21B0CEED400EF939F /* Resources */ = {
			isa = PBXResourcesBuildPhase;
			buildActionMask = 2147483647;
			files = (
				9FE800B31B0CEED400EF939F /* Main.storyboard in Resources */,
				9FE800B81B0CEED400EF939F /* LaunchScreen.xib in Resources */,
				9FE800B51B0CEED400EF939F /* Images.xcassets in Resources */,
			);
			runOnlyForDeploymentPostprocessing = 0;
		};
		9FE800BB1B0CEED500EF939F /* Resources */ = {
			isa = PBXResourcesBuildPhase;
			buildActionMask = 2147483647;
			files = (
			);
			runOnlyForDeploymentPostprocessing = 0;
		};
/* End PBXResourcesBuildPhase section */

/* Begin PBXSourcesBuildPhase section */
		9FE800A01B0CEED400EF939F /* Sources */ = {
			isa = PBXSourcesBuildPhase;
			buildActionMask = 2147483647;
			files = (
				9FE800B01B0CEED400EF939F /* ViewController.m in Sources */,
				9FE800AD1B0CEED400EF939F /* AppDelegate.m in Sources */,
				9FE800AA1B0CEED400EF939F /* main.m in Sources */,
			);
			runOnlyForDeploymentPostprocessing = 0;
		};
		9FE800B91B0CEED500EF939F /* Sources */ = {
			isa = PBXSourcesBuildPhase;
			buildActionMask = 2147483647;
			files = (
				9FE800C41B0CEED500EF939F /* LoadPhotosGalleryTests.m in Sources */,
			);
			runOnlyForDeploymentPostprocessing = 0;
		};
/* End PBXSourcesBuildPhase section */

/* Begin PBXTargetDependency section */
		9FE800BF1B0CEED500EF939F /* PBXTargetDependency */ = {
			isa = PBXTargetDependency;
			target = 9FE800A31B0CEED400EF939F /* LoadPhotosGallery */;
			targetProxy = 9FE800BE1B0CEED500EF939F /* PBXContainerItemProxy */;
		};
/* End PBXTargetDependency section */

/* Begin PBXVariantGroup section */
		9FE800B11B0CEED400EF939F /* Main.storyboard */ = {
			isa = PBXVariantGroup;
			children = (
				9FE800B21B0CEED400EF939F /* Base */,
			);
			name = Main.storyboard;
			sourceTree = "<group>";
		};
		9FE800B61B0CEED400EF939F /* LaunchScreen.xib */ = {
			isa = PBXVariantGroup;
			children = (
				9FE800B71B0CEED400EF939F /* Base */,
			);
			name = LaunchScreen.xib;
			sourceTree = "<group>";
		};
/* End PBXVariantGroup section */

/* Begin XCBuildConfiguration section */
		9FE800C51B0CEED500EF939F /* Debug */ = {
			isa = XCBuildConfiguration;
			buildSettings = {
				ALWAYS_SEARCH_USER_PATHS = NO;
				CLANG_CXX_LANGUAGE_STANDARD = "gnu++0x";
				CLANG_CXX_LIBRARY = "libc++";
				CLANG_ENABLE_MODULES = YES;
				CLANG_ENABLE_OBJC_ARC = YES;
				CLANG_WARN_BOOL_CONVERSION = YES;
				CLANG_WARN_CONSTANT_CONVERSION = YES;
				CLANG_WARN_DIRECT_OBJC_ISA_USAGE = YES_ERROR;
				CLANG_WARN_EMPTY_BODY = YES;
				CLANG_WARN_ENUM_CONVERSION = YES;
				CLANG_WARN_INT_CONVERSION = YES;
				CLANG_WARN_OBJC_ROOT_CLASS = YES_ERROR;
				CLANG_WARN_UNREACHABLE_CODE = YES;
				CLANG_WARN__DUPLICATE_METHOD_MATCH = YES;
				"CODE_SIGN_IDENTITY[sdk=iphoneos*]" = "iPhone Developer";
				COPY_PHASE_STRIP = NO;
				DEBUG_INFORMATION_FORMAT = "dwarf-with-dsym";
				ENABLE_STRICT_OBJC_MSGSEND = YES;
				GCC_C_LANGUAGE_STANDARD = gnu99;
				GCC_DYNAMIC_NO_PIC = NO;
				GCC_NO_COMMON_BLOCKS = YES;
				GCC_OPTIMIZATION_LEVEL = 0;
				GCC_PREPROCESSOR_DEFINITIONS = (
					"DEBUG=1",
					"$(inherited)",
				);
				GCC_SYMBOLS_PRIVATE_EXTERN = NO;
				GCC_WARN_64_TO_32_BIT_CONVERSION = YES;
				GCC_WARN_ABOUT_RETURN_TYPE = YES_ERROR;
				GCC_WARN_UNDECLARED_SELECTOR = YES;
				GCC_WARN_UNINITIALIZED_AUTOS = YES_AGGRESSIVE;
				GCC_WARN_UNUSED_FUNCTION = YES;
				GCC_WARN_UNUSED_VARIABLE = YES;
				IPHONEOS_DEPLOYMENT_TARGET = 8.3;
				MTL_ENABLE_DEBUG_INFO = YES;
				ONLY_ACTIVE_ARCH = YES;
				SDKROOT = iphoneos;
			};
			name = Debug;
		};
		9FE800C61B0CEED500EF939F /* Release */ = {
			isa = XCBuildConfiguration;
			buildSettings = {
				ALWAYS_SEARCH_USER_PATHS = NO;
				CLANG_CXX_LANGUAGE_STANDARD = "gnu++0x";
				CLANG_CXX_LIBRARY = "libc++";
				CLANG_ENABLE_MODULES = YES;
				CLANG_ENABLE_OBJC_ARC = YES;
				CLANG_WARN_BOOL_CONVERSION = YES;
				CLANG_WARN_CONSTANT_CONVERSION = YES;
				CLANG_WARN_DIRECT_OBJC_ISA_USAGE = YES_ERROR;
				CLANG_WARN_EMPTY_BODY = YES;
				CLANG_WARN_ENUM_CONVERSION = YES;
				CLANG_WARN_INT_CONVERSION = YES;
				CLANG_WARN_OBJC_ROOT_CLASS = YES_ERROR;
				CLANG_WARN_UNREACHABLE_CODE = YES;
				CLANG_WARN__DUPLICATE_METHOD_MATCH = YES;
				"CODE_SIGN_IDENTITY[sdk=iphoneos*]" = "iPhone Developer";
				COPY_PHASE_STRIP = NO;
				DEBUG_INFORMATION_FORMAT = "dwarf-with-dsym";
				ENABLE_NS_ASSERTIONS = NO;
				ENABLE_STRICT_OBJC_MSGSEND = YES;
				GCC_C_LANGUAGE_STANDARD = gnu99;
				GCC_NO_COMMON_BLOCKS = YES;
				GCC_WARN_64_TO_32_BIT_CONVERSION = YES;
				GCC_WARN_ABOUT_RETURN_TYPE = YES_ERROR;
				GCC_WARN_UNDECLARED_SELECTOR = YES;
				GCC_WARN_UNINITIALIZED_AUTOS = YES_AGGRESSIVE;
				GCC_WARN_UNUSED_FUNCTION = YES;
				GCC_WARN_UNUSED_VARIABLE = YES;
				IPHONEOS_DEPLOYMENT_TARGET = 8.3;
				MTL_ENABLE_DEBUG_INFO = NO;
				SDKROOT = iphoneos;
				VALIDATE_PRODUCT = YES;
			};
			name = Release;
		};
		9FE800C81B0CEED500EF939F /* Debug */ = {
			isa = XCBuildConfiguration;
			buildSettings = {
				ASSETCATALOG_COMPILER_APPICON_NAME = AppIcon;
				INFOPLIST_FILE = LoadPhotosGallery/Info.plist;
				LD_RUNPATH_SEARCH_PATHS = "$(inherited) @executable_path/Frameworks";
				PRODUCT_NAME = "$(TARGET_NAME)";
			};
			name = Debug;
		};
		9FE800C91B0CEED500EF939F /* Release */ = {
			isa = XCBuildConfiguration;
			buildSettings = {
				ASSETCATALOG_COMPILER_APPICON_NAME = AppIcon;
				INFOPLIST_FILE = LoadPhotosGallery/Info.plist;
				LD_RUNPATH_SEARCH_PATHS = "$(inherited) @executable_path/Frameworks";
				PRODUCT_NAME = "$(TARGET_NAME)";
			};
			name = Release;
		};
		9FE800CB1B0CEED500EF939F /* Debug */ = {
			isa = XCBuildConfiguration;
			buildSettings = {
				BUNDLE_LOADER = "$(TEST_HOST)";
				FRAMEWORK_SEARCH_PATHS = (
					"$(SDKROOT)/Developer/Library/Frameworks",
					"$(inherited)",
				);
				GCC_PREPROCESSOR_DEFINITIONS = (
					"DEBUG=1",
					"$(inherited)",
				);
				INFOPLIST_FILE = LoadPhotosGalleryTests/Info.plist;
				LD_RUNPATH_SEARCH_PATHS = "$(inherited) @executable_path/Frameworks @loader_path/Frameworks";
				PRODUCT_NAME = "$(TARGET_NAME)";
				TEST_HOST = "$(BUILT_PRODUCTS_DIR)/LoadPhotosGallery.app/LoadPhotosGallery";
			};
			name = Debug;
		};
		9FE800CC1B0CEED500EF939F /* Release */ = {
			isa = XCBuildConfiguration;
			buildSettings = {
				BUNDLE_LOADER = "$(TEST_HOST)";
				FRAMEWORK_SEARCH_PATHS = (
					"$(SDKROOT)/Developer/Library/Frameworks",
					"$(inherited)",
				);
				INFOPLIST_FILE = LoadPhotosGalleryTests/Info.plist;
				LD_RUNPATH_SEARCH_PATHS = "$(inherited) @executable_path/Frameworks @loader_path/Frameworks";
				PRODUCT_NAME = "$(TARGET_NAME)";
				TEST_HOST = "$(BUILT_PRODUCTS_DIR)/LoadPhotosGallery.app/LoadPhotosGallery";
			};
			name = Release;
		};
/* End XCBuildConfiguration section */

/* Begin XCConfigurationList section */
		9FE8009F1B0CEED400EF939F /* Build configuration list for PBXProject "LoadPhotosGallery" */ = {
			isa = XCConfigurationList;
			buildConfigurations = (
				9FE800C51B0CEED500EF939F /* Debug */,
				9FE800C61B0CEED500EF939F /* Release */,
			);
			defaultConfigurationIsVisible = 0;
			defaultConfigurationName = Release;
		};
		9FE800C71B0CEED500EF939F /* Build configuration list for PBXNativeTarget "LoadPhotosGallery" */ = {
			isa = XCConfigurationList;
			buildConfigurations = (
				9FE800C81B0CEED500EF939F /* Debug */,
				9FE800C91B0CEED500EF939F /* Release */,
			);
			defaultConfigurationIsVisible = 0;
		};
		9FE800CA1B0CEED500EF939F /* Build configuration list for PBXNativeTarget "LoadPhotosGalleryTests" */ = {
			isa = XCConfigurationList;
			buildConfigurations = (
				9FE800CB1B0CEED500EF939F /* Debug */,
				9FE800CC1B0CEED500EF939F /* Release */,
			);
			defaultConfigurationIsVisible = 0;
		};
/* End XCConfigurationList section */
	};
	rootObject = 9FE8009C1B0CEED400EF939F /* Project object */;
}
